// !$*UTF8*$!
{
	archiveVersion = 1;
	classes = {
	};
	objectVersion = 55;
	objects = {

/* Begin PBXBuildFile section */
		00FCD8964650C086C25565D4 /* Pods_LifeTomorrow.framework in Frameworks */ = {isa = PBXBuildFile; fileRef = F05EEB6BC5026CF95BD8F1F7 /* Pods_LifeTomorrow.framework */; };
		57FAA4C0EF2257624D050721 /* Pods_LifeTomorrowWatch_Watch_App.framework in Frameworks */ = {isa = PBXBuildFile; fileRef = 8054E3BCA24B28CA0828A141 /* Pods_LifeTomorrowWatch_Watch_App.framework */; };
		720803B32A09700E001E154B /* GoogleService-Info.plist in Resources */ = {isa = PBXBuildFile; fileRef = 720803B22A09700E001E154B /* GoogleService-Info.plist */; };
		720803D02A0975FE001E154B /* SmartHomeViewController.swift in Sources */ = {isa = PBXBuildFile; fileRef = 720803CF2A0975FE001E154B /* SmartHomeViewController.swift */; };
		720803D22A097612001E154B /* DataSharingAndProfileViewController.swift in Sources */ = {isa = PBXBuildFile; fileRef = 720803D12A097612001E154B /* DataSharingAndProfileViewController.swift */; };
		720803D42A097628001E154B /* CarePlanViewController.swift in Sources */ = {isa = PBXBuildFile; fileRef = 720803D32A097628001E154B /* CarePlanViewController.swift */; };
		720803D62A09763E001E154B /* HealthViewController.swift in Sources */ = {isa = PBXBuildFile; fileRef = 720803D52A09763E001E154B /* HealthViewController.swift */; };
		720803D82A09893B001E154B /* LoginViewController.swift in Sources */ = {isa = PBXBuildFile; fileRef = 720803D72A09893B001E154B /* LoginViewController.swift */; };
		720804CA2A0AD2C3001E154B /* ConsentDocument.swift in Sources */ = {isa = PBXBuildFile; fileRef = 720804C92A0AD2C3001E154B /* ConsentDocument.swift */; };
		720804CC2A0AD76F001E154B /* ConsentTask.swift in Sources */ = {isa = PBXBuildFile; fileRef = 720804CB2A0AD76F001E154B /* ConsentTask.swift */; };
		720804CE2A0AF509001E154B /* CarePlanStorageManager.swift in Sources */ = {isa = PBXBuildFile; fileRef = 720804CD2A0AF509001E154B /* CarePlanStorageManager.swift */; };
		720805062A0AFA99001E154B /* NSDateComponents.swift in Sources */ = {isa = PBXBuildFile; fileRef = 720805052A0AFA99001E154B /* NSDateComponents.swift */; };
		720805082A0AFAAC001E154B /* UIColor.swift in Sources */ = {isa = PBXBuildFile; fileRef = 720805072A0AFAAC001E154B /* UIColor.swift */; };
		7208050A2A0AFAD1001E154B /* DataHelpers.swift in Sources */ = {isa = PBXBuildFile; fileRef = 720805092A0AFAD1001E154B /* DataHelpers.swift */; };
		7208050D2A0B026F001E154B /* CarePlanData.swift in Sources */ = {isa = PBXBuildFile; fileRef = 7208050C2A0B026F001E154B /* CarePlanData.swift */; };
		726FB2572A01655E0077B990 /* AppDelegate.swift in Sources */ = {isa = PBXBuildFile; fileRef = 726FB2562A01655E0077B990 /* AppDelegate.swift */; };
		726FB2592A01655E0077B990 /* SceneDelegate.swift in Sources */ = {isa = PBXBuildFile; fileRef = 726FB2582A01655E0077B990 /* SceneDelegate.swift */; };
		726FB25B2A01655E0077B990 /* HomeViewController.swift in Sources */ = {isa = PBXBuildFile; fileRef = 726FB25A2A01655E0077B990 /* HomeViewController.swift */; };
		726FB2632A0165600077B990 /* Assets.xcassets in Resources */ = {isa = PBXBuildFile; fileRef = 726FB2622A0165600077B990 /* Assets.xcassets */; };
		726FB2882A0424BB0077B990 /* NavigationController.swift in Sources */ = {isa = PBXBuildFile; fileRef = 726FB2872A0424BB0077B990 /* NavigationController.swift */; };
		726FB2982A0440450077B990 /* LifeTomorrowWatchApp.swift in Sources */ = {isa = PBXBuildFile; fileRef = 726FB2972A0440450077B990 /* LifeTomorrowWatchApp.swift */; };
		726FB29A2A0440450077B990 /* ContentView.swift in Sources */ = {isa = PBXBuildFile; fileRef = 726FB2992A0440450077B990 /* ContentView.swift */; };
		726FB29C2A0440470077B990 /* Assets.xcassets in Resources */ = {isa = PBXBuildFile; fileRef = 726FB29B2A0440470077B990 /* Assets.xcassets */; };
		726FB29F2A0440470077B990 /* Preview Assets.xcassets in Resources */ = {isa = PBXBuildFile; fileRef = 726FB29E2A0440470077B990 /* Preview Assets.xcassets */; };
/* End PBXBuildFile section */

/* Begin PBXFileReference section */
		362A91E15034892E84B8C3EB /* Pods-LifeTomorrow.debug.xcconfig */ = {isa = PBXFileReference; includeInIndex = 1; lastKnownFileType = text.xcconfig; name = "Pods-LifeTomorrow.debug.xcconfig"; path = "Target Support Files/Pods-LifeTomorrow/Pods-LifeTomorrow.debug.xcconfig"; sourceTree = "<group>"; };
		6424845DDD27369552410ECD /* Pods-LifeTomorrowWatch Watch App.debug.xcconfig */ = {isa = PBXFileReference; includeInIndex = 1; lastKnownFileType = text.xcconfig; name = "Pods-LifeTomorrowWatch Watch App.debug.xcconfig"; path = "Target Support Files/Pods-LifeTomorrowWatch Watch App/Pods-LifeTomorrowWatch Watch App.debug.xcconfig"; sourceTree = "<group>"; };
		720803B22A09700E001E154B /* GoogleService-Info.plist */ = {isa = PBXFileReference; fileEncoding = 4; lastKnownFileType = text.plist.xml; path = "GoogleService-Info.plist"; sourceTree = "<group>"; };
		720803CF2A0975FE001E154B /* SmartHomeViewController.swift */ = {isa = PBXFileReference; lastKnownFileType = sourcecode.swift; path = SmartHomeViewController.swift; sourceTree = "<group>"; };
		720803D12A097612001E154B /* DataSharingAndProfileViewController.swift */ = {isa = PBXFileReference; lastKnownFileType = sourcecode.swift; path = DataSharingAndProfileViewController.swift; sourceTree = "<group>"; };
		720803D32A097628001E154B /* CarePlanViewController.swift */ = {isa = PBXFileReference; lastKnownFileType = sourcecode.swift; path = CarePlanViewController.swift; sourceTree = "<group>"; };
		720803D52A09763E001E154B /* HealthViewController.swift */ = {isa = PBXFileReference; lastKnownFileType = sourcecode.swift; path = HealthViewController.swift; sourceTree = "<group>"; };
		720803D72A09893B001E154B /* LoginViewController.swift */ = {isa = PBXFileReference; lastKnownFileType = sourcecode.swift; path = LoginViewController.swift; sourceTree = "<group>"; };
		720804C62A0ACF1B001E154B /* HealthKit.framework */ = {isa = PBXFileReference; lastKnownFileType = wrapper.framework; name = HealthKit.framework; path = System/Library/Frameworks/HealthKit.framework; sourceTree = SDKROOT; };
		720804C92A0AD2C3001E154B /* ConsentDocument.swift */ = {isa = PBXFileReference; lastKnownFileType = sourcecode.swift; path = ConsentDocument.swift; sourceTree = "<group>"; };
		720804CB2A0AD76F001E154B /* ConsentTask.swift */ = {isa = PBXFileReference; lastKnownFileType = sourcecode.swift; path = ConsentTask.swift; sourceTree = "<group>"; };
		720804CD2A0AF509001E154B /* CarePlanStorageManager.swift */ = {isa = PBXFileReference; lastKnownFileType = sourcecode.swift; path = CarePlanStorageManager.swift; sourceTree = "<group>"; };
		720805052A0AFA99001E154B /* NSDateComponents.swift */ = {isa = PBXFileReference; lastKnownFileType = sourcecode.swift; path = NSDateComponents.swift; sourceTree = "<group>"; };
		720805072A0AFAAC001E154B /* UIColor.swift */ = {isa = PBXFileReference; lastKnownFileType = sourcecode.swift; path = UIColor.swift; sourceTree = "<group>"; };
		720805092A0AFAD1001E154B /* DataHelpers.swift */ = {isa = PBXFileReference; lastKnownFileType = sourcecode.swift; path = DataHelpers.swift; sourceTree = "<group>"; };
		7208050C2A0B026F001E154B /* CarePlanData.swift */ = {isa = PBXFileReference; lastKnownFileType = sourcecode.swift; path = CarePlanData.swift; sourceTree = "<group>"; };
		726FB2532A01655E0077B990 /* LifeTomorrow.app */ = {isa = PBXFileReference; explicitFileType = wrapper.application; includeInIndex = 0; path = LifeTomorrow.app; sourceTree = BUILT_PRODUCTS_DIR; };
		726FB2562A01655E0077B990 /* AppDelegate.swift */ = {isa = PBXFileReference; lastKnownFileType = sourcecode.swift; path = AppDelegate.swift; sourceTree = "<group>"; };
		726FB2582A01655E0077B990 /* SceneDelegate.swift */ = {isa = PBXFileReference; lastKnownFileType = sourcecode.swift; path = SceneDelegate.swift; sourceTree = "<group>"; };
		726FB25A2A01655E0077B990 /* HomeViewController.swift */ = {isa = PBXFileReference; lastKnownFileType = sourcecode.swift; path = HomeViewController.swift; sourceTree = "<group>"; };
		726FB2622A0165600077B990 /* Assets.xcassets */ = {isa = PBXFileReference; lastKnownFileType = folder.assetcatalog; path = Assets.xcassets; sourceTree = "<group>"; };
		726FB2672A0165600077B990 /* Info.plist */ = {isa = PBXFileReference; lastKnownFileType = text.plist.xml; path = Info.plist; sourceTree = "<group>"; };
		726FB2872A0424BB0077B990 /* NavigationController.swift */ = {isa = PBXFileReference; lastKnownFileType = sourcecode.swift; path = NavigationController.swift; sourceTree = "<group>"; };
		726FB2902A043D800077B990 /* LifeTomorrow.entitlements */ = {isa = PBXFileReference; lastKnownFileType = text.plist.entitlements; path = LifeTomorrow.entitlements; sourceTree = "<group>"; };
		726FB2952A0440450077B990 /* LifeTomorrowWatch Watch App.app */ = {isa = PBXFileReference; explicitFileType = wrapper.application; includeInIndex = 0; path = "LifeTomorrowWatch Watch App.app"; sourceTree = BUILT_PRODUCTS_DIR; };
		726FB2972A0440450077B990 /* LifeTomorrowWatchApp.swift */ = {isa = PBXFileReference; lastKnownFileType = sourcecode.swift; path = LifeTomorrowWatchApp.swift; sourceTree = "<group>"; };
		726FB2992A0440450077B990 /* ContentView.swift */ = {isa = PBXFileReference; lastKnownFileType = sourcecode.swift; path = ContentView.swift; sourceTree = "<group>"; };
		726FB29B2A0440470077B990 /* Assets.xcassets */ = {isa = PBXFileReference; lastKnownFileType = folder.assetcatalog; path = Assets.xcassets; sourceTree = "<group>"; };
		726FB29E2A0440470077B990 /* Preview Assets.xcassets */ = {isa = PBXFileReference; lastKnownFileType = folder.assetcatalog; path = "Preview Assets.xcassets"; sourceTree = "<group>"; };
		8054E3BCA24B28CA0828A141 /* Pods_LifeTomorrowWatch_Watch_App.framework */ = {isa = PBXFileReference; explicitFileType = wrapper.framework; includeInIndex = 0; path = Pods_LifeTomorrowWatch_Watch_App.framework; sourceTree = BUILT_PRODUCTS_DIR; };
		F050BE96B19FB7DCBB9A1770 /* Pods-LifeTomorrowWatch Watch App.release.xcconfig */ = {isa = PBXFileReference; includeInIndex = 1; lastKnownFileType = text.xcconfig; name = "Pods-LifeTomorrowWatch Watch App.release.xcconfig"; path = "Target Support Files/Pods-LifeTomorrowWatch Watch App/Pods-LifeTomorrowWatch Watch App.release.xcconfig"; sourceTree = "<group>"; };
		F05EEB6BC5026CF95BD8F1F7 /* Pods_LifeTomorrow.framework */ = {isa = PBXFileReference; explicitFileType = wrapper.framework; includeInIndex = 0; path = Pods_LifeTomorrow.framework; sourceTree = BUILT_PRODUCTS_DIR; };
		FD7CF2C12119B738995BC659 /* Pods-LifeTomorrow.release.xcconfig */ = {isa = PBXFileReference; includeInIndex = 1; lastKnownFileType = text.xcconfig; name = "Pods-LifeTomorrow.release.xcconfig"; path = "Target Support Files/Pods-LifeTomorrow/Pods-LifeTomorrow.release.xcconfig"; sourceTree = "<group>"; };
/* End PBXFileReference section */

/* Begin PBXFrameworksBuildPhase section */
		726FB2502A01655E0077B990 /* Frameworks */ = {
			isa = PBXFrameworksBuildPhase;
			buildActionMask = 2147483647;
			files = (
				00FCD8964650C086C25565D4 /* Pods_LifeTomorrow.framework in Frameworks */,
			);
			runOnlyForDeploymentPostprocessing = 0;
		};
		726FB2922A0440450077B990 /* Frameworks */ = {
			isa = PBXFrameworksBuildPhase;
			buildActionMask = 2147483647;
			files = (
				57FAA4C0EF2257624D050721 /* Pods_LifeTomorrowWatch_Watch_App.framework in Frameworks */,
			);
			runOnlyForDeploymentPostprocessing = 0;
		};
/* End PBXFrameworksBuildPhase section */

/* Begin PBXGroup section */
		720804C82A0AD28B001E154B /* Study Supplements */ = {
			isa = PBXGroup;
			children = (
				720804C92A0AD2C3001E154B /* ConsentDocument.swift */,
				720804CB2A0AD76F001E154B /* ConsentTask.swift */,
			);
			path = "Study Supplements";
			sourceTree = "<group>";
		};
		720805042A0AFA7B001E154B /* Utilities */ = {
			isa = PBXGroup;
			children = (
				720805052A0AFA99001E154B /* NSDateComponents.swift */,
				720805072A0AFAAC001E154B /* UIColor.swift */,
				720805092A0AFAD1001E154B /* DataHelpers.swift */,
			);
			path = Utilities;
			sourceTree = "<group>";
		};
		7208050B2A0B0241001E154B /* Care Plan Storage */ = {
			isa = PBXGroup;
			children = (
				720804CD2A0AF509001E154B /* CarePlanStorageManager.swift */,
				7208050C2A0B026F001E154B /* CarePlanData.swift */,
			);
			path = "Care Plan Storage";
			sourceTree = "<group>";
		};
		726FB24A2A01655E0077B990 = {
			isa = PBXGroup;
			children = (
				726FB2552A01655E0077B990 /* LifeTomorrow */,
				726FB2962A0440450077B990 /* LifeTomorrowWatch Watch App */,
				726FB2542A01655E0077B990 /* Products */,
				EA46BB04047BDCE9501DF3E9 /* Pods */,
				958C05332C45ADEA864B1679 /* Frameworks */,
			);
			sourceTree = "<group>";
		};
		726FB2542A01655E0077B990 /* Products */ = {
			isa = PBXGroup;
			children = (
				726FB2532A01655E0077B990 /* LifeTomorrow.app */,
				726FB2952A0440450077B990 /* LifeTomorrowWatch Watch App.app */,
			);
			name = Products;
			sourceTree = "<group>";
		};
		726FB2552A01655E0077B990 /* LifeTomorrow */ = {
			isa = PBXGroup;
			children = (
				720804C82A0AD28B001E154B /* Study Supplements */,
				720803B22A09700E001E154B /* GoogleService-Info.plist */,
				726FB2902A043D800077B990 /* LifeTomorrow.entitlements */,
				726FB2562A01655E0077B990 /* AppDelegate.swift */,
				726FB2582A01655E0077B990 /* SceneDelegate.swift */,
				726FB2872A0424BB0077B990 /* NavigationController.swift */,
				726FB25A2A01655E0077B990 /* HomeViewController.swift */,
				726FB2892A0426290077B990 /* Smart Home */,
				726FB28B2A04265F0077B990 /* Data Sharing & Profile */,
				726FB28C2A0426730077B990 /* Care Plan */,
				726FB28A2A0426430077B990 /* Health */,
				726FB28D2A0426C90077B990 /* Emergency */,
				726FB2622A0165600077B990 /* Assets.xcassets */,
				726FB2672A0165600077B990 /* Info.plist */,
			);
			path = LifeTomorrow;
			sourceTree = "<group>";
		};
		726FB2892A0426290077B990 /* Smart Home */ = {
			isa = PBXGroup;
			children = (
				720803CF2A0975FE001E154B /* SmartHomeViewController.swift */,
			);
			path = "Smart Home";
			sourceTree = "<group>";
		};
		726FB28A2A0426430077B990 /* Health */ = {
			isa = PBXGroup;
			children = (
				720803D52A09763E001E154B /* HealthViewController.swift */,
			);
			path = Health;
			sourceTree = "<group>";
		};
		726FB28B2A04265F0077B990 /* Data Sharing & Profile */ = {
			isa = PBXGroup;
			children = (
				720803D12A097612001E154B /* DataSharingAndProfileViewController.swift */,
				720803D72A09893B001E154B /* LoginViewController.swift */,
			);
			path = "Data Sharing & Profile";
			sourceTree = "<group>";
		};
		726FB28C2A0426730077B990 /* Care Plan */ = {
			isa = PBXGroup;
			children = (
				7208050B2A0B0241001E154B /* Care Plan Storage */,
				720805042A0AFA7B001E154B /* Utilities */,
				720803D32A097628001E154B /* CarePlanViewController.swift */,
			);
			path = "Care Plan";
			sourceTree = "<group>";
		};
		726FB28D2A0426C90077B990 /* Emergency */ = {
			isa = PBXGroup;
			children = (
			);
			path = Emergency;
			sourceTree = "<group>";
		};
		726FB2962A0440450077B990 /* LifeTomorrowWatch Watch App */ = {
			isa = PBXGroup;
			children = (
				726FB2972A0440450077B990 /* LifeTomorrowWatchApp.swift */,
				726FB2992A0440450077B990 /* ContentView.swift */,
				726FB29B2A0440470077B990 /* Assets.xcassets */,
				726FB29D2A0440470077B990 /* Preview Content */,
			);
			path = "LifeTomorrowWatch Watch App";
			sourceTree = "<group>";
		};
		726FB29D2A0440470077B990 /* Preview Content */ = {
			isa = PBXGroup;
			children = (
				726FB29E2A0440470077B990 /* Preview Assets.xcassets */,
			);
			path = "Preview Content";
			sourceTree = "<group>";
		};
		958C05332C45ADEA864B1679 /* Frameworks */ = {
			isa = PBXGroup;
			children = (
				720804C62A0ACF1B001E154B /* HealthKit.framework */,
				F05EEB6BC5026CF95BD8F1F7 /* Pods_LifeTomorrow.framework */,
				8054E3BCA24B28CA0828A141 /* Pods_LifeTomorrowWatch_Watch_App.framework */,
			);
			name = Frameworks;
			sourceTree = "<group>";
		};
		EA46BB04047BDCE9501DF3E9 /* Pods */ = {
			isa = PBXGroup;
			children = (
				362A91E15034892E84B8C3EB /* Pods-LifeTomorrow.debug.xcconfig */,
				FD7CF2C12119B738995BC659 /* Pods-LifeTomorrow.release.xcconfig */,
				6424845DDD27369552410ECD /* Pods-LifeTomorrowWatch Watch App.debug.xcconfig */,
				F050BE96B19FB7DCBB9A1770 /* Pods-LifeTomorrowWatch Watch App.release.xcconfig */,
			);
			path = Pods;
			sourceTree = "<group>";
		};
/* End PBXGroup section */

/* Begin PBXNativeTarget section */
		726FB2522A01655E0077B990 /* LifeTomorrow */ = {
			isa = PBXNativeTarget;
			buildConfigurationList = 726FB26A2A0165600077B990 /* Build configuration list for PBXNativeTarget "LifeTomorrow" */;
			buildPhases = (
				816D51B3CB28A73FE789CB76 /* [CP] Check Pods Manifest.lock */,
				726FB24F2A01655E0077B990 /* Sources */,
				726FB2502A01655E0077B990 /* Frameworks */,
				726FB2512A01655E0077B990 /* Resources */,
				F768B27E11AEC8C8A138641E /* [CP] Embed Pods Frameworks */,
			);
			buildRules = (
			);
			dependencies = (
			);
			name = LifeTomorrow;
			productName = LifeTomorrow;
			productReference = 726FB2532A01655E0077B990 /* LifeTomorrow.app */;
			productType = "com.apple.product-type.application";
		};
		726FB2942A0440450077B990 /* LifeTomorrowWatch Watch App */ = {
			isa = PBXNativeTarget;
			buildConfigurationList = 726FB2A02A0440470077B990 /* Build configuration list for PBXNativeTarget "LifeTomorrowWatch Watch App" */;
			buildPhases = (
				5213F6E40E4657BA40B0B81C /* [CP] Check Pods Manifest.lock */,
				726FB2912A0440450077B990 /* Sources */,
				726FB2922A0440450077B990 /* Frameworks */,
				726FB2932A0440450077B990 /* Resources */,
			);
			buildRules = (
			);
			dependencies = (
			);
			name = "LifeTomorrowWatch Watch App";
			productName = "LifeTomorrowWatch Watch App";
			productReference = 726FB2952A0440450077B990 /* LifeTomorrowWatch Watch App.app */;
			productType = "com.apple.product-type.application";
		};
/* End PBXNativeTarget section */

/* Begin PBXProject section */
		726FB24B2A01655E0077B990 /* Project object */ = {
			isa = PBXProject;
			attributes = {
				BuildIndependentTargetsInParallel = 1;
				LastSwiftUpdateCheck = 1420;
				LastUpgradeCheck = 1420;
				TargetAttributes = {
					726FB2522A01655E0077B990 = {
						CreatedOnToolsVersion = 14.2;
					};
					726FB2942A0440450077B990 = {
						CreatedOnToolsVersion = 14.2;
					};
				};
			};
			buildConfigurationList = 726FB24E2A01655E0077B990 /* Build configuration list for PBXProject "LifeTomorrow" */;
			compatibilityVersion = "Xcode 13.0";
			developmentRegion = en;
			hasScannedForEncodings = 0;
			knownRegions = (
				en,
				Base,
			);
			mainGroup = 726FB24A2A01655E0077B990;
			productRefGroup = 726FB2542A01655E0077B990 /* Products */;
			projectDirPath = "";
			projectRoot = "";
			targets = (
				726FB2522A01655E0077B990 /* LifeTomorrow */,
				726FB2942A0440450077B990 /* LifeTomorrowWatch Watch App */,
			);
		};
/* End PBXProject section */

/* Begin PBXResourcesBuildPhase section */
		726FB2512A01655E0077B990 /* Resources */ = {
			isa = PBXResourcesBuildPhase;
			buildActionMask = 2147483647;
			files = (
				726FB2632A0165600077B990 /* Assets.xcassets in Resources */,
				720803B32A09700E001E154B /* GoogleService-Info.plist in Resources */,
			);
			runOnlyForDeploymentPostprocessing = 0;
		};
		726FB2932A0440450077B990 /* Resources */ = {
			isa = PBXResourcesBuildPhase;
			buildActionMask = 2147483647;
			files = (
				726FB29F2A0440470077B990 /* Preview Assets.xcassets in Resources */,
				726FB29C2A0440470077B990 /* Assets.xcassets in Resources */,
			);
			runOnlyForDeploymentPostprocessing = 0;
		};
/* End PBXResourcesBuildPhase section */

/* Begin PBXShellScriptBuildPhase section */
		5213F6E40E4657BA40B0B81C /* [CP] Check Pods Manifest.lock */ = {
			isa = PBXShellScriptBuildPhase;
			buildActionMask = 2147483647;
			files = (
			);
			inputFileListPaths = (
			);
			inputPaths = (
				"${PODS_PODFILE_DIR_PATH}/Podfile.lock",
				"${PODS_ROOT}/Manifest.lock",
			);
			name = "[CP] Check Pods Manifest.lock";
			outputFileListPaths = (
			);
			outputPaths = (
				"$(DERIVED_FILE_DIR)/Pods-LifeTomorrowWatch Watch App-checkManifestLockResult.txt",
			);
			runOnlyForDeploymentPostprocessing = 0;
			shellPath = /bin/sh;
			shellScript = "diff \"${PODS_PODFILE_DIR_PATH}/Podfile.lock\" \"${PODS_ROOT}/Manifest.lock\" > /dev/null\nif [ $? != 0 ] ; then\n    # print error to STDERR\n    echo \"error: The sandbox is not in sync with the Podfile.lock. Run 'pod install' or update your CocoaPods installation.\" >&2\n    exit 1\nfi\n# This output is used by Xcode 'outputs' to avoid re-running this script phase.\necho \"SUCCESS\" > \"${SCRIPT_OUTPUT_FILE_0}\"\n";
			showEnvVarsInLog = 0;
		};
		816D51B3CB28A73FE789CB76 /* [CP] Check Pods Manifest.lock */ = {
			isa = PBXShellScriptBuildPhase;
			buildActionMask = 2147483647;
			files = (
			);
			inputFileListPaths = (
			);
			inputPaths = (
				"${PODS_PODFILE_DIR_PATH}/Podfile.lock",
				"${PODS_ROOT}/Manifest.lock",
			);
			name = "[CP] Check Pods Manifest.lock";
			outputFileListPaths = (
			);
			outputPaths = (
				"$(DERIVED_FILE_DIR)/Pods-LifeTomorrow-checkManifestLockResult.txt",
			);
			runOnlyForDeploymentPostprocessing = 0;
			shellPath = /bin/sh;
			shellScript = "diff \"${PODS_PODFILE_DIR_PATH}/Podfile.lock\" \"${PODS_ROOT}/Manifest.lock\" > /dev/null\nif [ $? != 0 ] ; then\n    # print error to STDERR\n    echo \"error: The sandbox is not in sync with the Podfile.lock. Run 'pod install' or update your CocoaPods installation.\" >&2\n    exit 1\nfi\n# This output is used by Xcode 'outputs' to avoid re-running this script phase.\necho \"SUCCESS\" > \"${SCRIPT_OUTPUT_FILE_0}\"\n";
			showEnvVarsInLog = 0;
		};
		F768B27E11AEC8C8A138641E /* [CP] Embed Pods Frameworks */ = {
			isa = PBXShellScriptBuildPhase;
			buildActionMask = 2147483647;
			files = (
			);
			inputFileListPaths = (
				"${PODS_ROOT}/Target Support Files/Pods-LifeTomorrow/Pods-LifeTomorrow-frameworks-${CONFIGURATION}-input-files.xcfilelist",
			);
			name = "[CP] Embed Pods Frameworks";
			outputFileListPaths = (
				"${PODS_ROOT}/Target Support Files/Pods-LifeTomorrow/Pods-LifeTomorrow-frameworks-${CONFIGURATION}-output-files.xcfilelist",
			);
			runOnlyForDeploymentPostprocessing = 0;
			shellPath = /bin/sh;
			shellScript = "\"${PODS_ROOT}/Target Support Files/Pods-LifeTomorrow/Pods-LifeTomorrow-frameworks.sh\"\n";
			showEnvVarsInLog = 0;
		};
/* End PBXShellScriptBuildPhase section */

/* Begin PBXSourcesBuildPhase section */
		726FB24F2A01655E0077B990 /* Sources */ = {
			isa = PBXSourcesBuildPhase;
			buildActionMask = 2147483647;
			files = (
				726FB25B2A01655E0077B990 /* HomeViewController.swift in Sources */,
				720805082A0AFAAC001E154B /* UIColor.swift in Sources */,
				720803D62A09763E001E154B /* HealthViewController.swift in Sources */,
				726FB2572A01655E0077B990 /* AppDelegate.swift in Sources */,
				726FB2882A0424BB0077B990 /* NavigationController.swift in Sources */,
				720803D42A097628001E154B /* CarePlanViewController.swift in Sources */,
				726FB2592A01655E0077B990 /* SceneDelegate.swift in Sources */,
				7208050A2A0AFAD1001E154B /* DataHelpers.swift in Sources */,
				720803D22A097612001E154B /* DataSharingAndProfileViewController.swift in Sources */,
				720805062A0AFA99001E154B /* NSDateComponents.swift in Sources */,
				720803D82A09893B001E154B /* LoginViewController.swift in Sources */,
				720804CE2A0AF509001E154B /* CarePlanStorageManager.swift in Sources */,
				720804CC2A0AD76F001E154B /* ConsentTask.swift in Sources */,
				7208050D2A0B026F001E154B /* CarePlanData.swift in Sources */,
				720803D02A0975FE001E154B /* SmartHomeViewController.swift in Sources */,
				720804CA2A0AD2C3001E154B /* ConsentDocument.swift in Sources */,
			);
			runOnlyForDeploymentPostprocessing = 0;
		};
		726FB2912A0440450077B990 /* Sources */ = {
			isa = PBXSourcesBuildPhase;
			buildActionMask = 2147483647;
			files = (
				726FB29A2A0440450077B990 /* ContentView.swift in Sources */,
				726FB2982A0440450077B990 /* LifeTomorrowWatchApp.swift in Sources */,
			);
			runOnlyForDeploymentPostprocessing = 0;
		};
/* End PBXSourcesBuildPhase section */

/* Begin XCBuildConfiguration section */
		726FB2682A0165600077B990 /* Debug */ = {
			isa = XCBuildConfiguration;
			buildSettings = {
				ALWAYS_SEARCH_USER_PATHS = NO;
				CLANG_ANALYZER_NONNULL = YES;
				CLANG_ANALYZER_NUMBER_OBJECT_CONVERSION = YES_AGGRESSIVE;
				CLANG_CXX_LANGUAGE_STANDARD = "gnu++20";
				CLANG_ENABLE_MODULES = YES;
				CLANG_ENABLE_OBJC_ARC = YES;
				CLANG_ENABLE_OBJC_WEAK = YES;
				CLANG_WARN_BLOCK_CAPTURE_AUTORELEASING = YES;
				CLANG_WARN_BOOL_CONVERSION = YES;
				CLANG_WARN_COMMA = YES;
				CLANG_WARN_CONSTANT_CONVERSION = YES;
				CLANG_WARN_DEPRECATED_OBJC_IMPLEMENTATIONS = YES;
				CLANG_WARN_DIRECT_OBJC_ISA_USAGE = YES_ERROR;
				CLANG_WARN_DOCUMENTATION_COMMENTS = YES;
				CLANG_WARN_EMPTY_BODY = YES;
				CLANG_WARN_ENUM_CONVERSION = YES;
				CLANG_WARN_INFINITE_RECURSION = YES;
				CLANG_WARN_INT_CONVERSION = YES;
				CLANG_WARN_NON_LITERAL_NULL_CONVERSION = YES;
				CLANG_WARN_OBJC_IMPLICIT_RETAIN_SELF = YES;
				CLANG_WARN_OBJC_LITERAL_CONVERSION = YES;
				CLANG_WARN_OBJC_ROOT_CLASS = YES_ERROR;
				CLANG_WARN_QUOTED_INCLUDE_IN_FRAMEWORK_HEADER = YES;
				CLANG_WARN_RANGE_LOOP_ANALYSIS = YES;
				CLANG_WARN_STRICT_PROTOTYPES = YES;
				CLANG_WARN_SUSPICIOUS_MOVE = YES;
				CLANG_WARN_UNGUARDED_AVAILABILITY = YES_AGGRESSIVE;
				CLANG_WARN_UNREACHABLE_CODE = YES;
				CLANG_WARN__DUPLICATE_METHOD_MATCH = YES;
				COPY_PHASE_STRIP = NO;
				DEBUG_INFORMATION_FORMAT = dwarf;
				ENABLE_STRICT_OBJC_MSGSEND = YES;
				ENABLE_TESTABILITY = YES;
				GCC_C_LANGUAGE_STANDARD = gnu11;
				GCC_DYNAMIC_NO_PIC = NO;
				GCC_NO_COMMON_BLOCKS = YES;
				GCC_OPTIMIZATION_LEVEL = 0;
				GCC_PREPROCESSOR_DEFINITIONS = (
					"DEBUG=1",
					"$(inherited)",
				);
				GCC_WARN_64_TO_32_BIT_CONVERSION = YES;
				GCC_WARN_ABOUT_RETURN_TYPE = YES_ERROR;
				GCC_WARN_UNDECLARED_SELECTOR = YES;
				GCC_WARN_UNINITIALIZED_AUTOS = YES_AGGRESSIVE;
				GCC_WARN_UNUSED_FUNCTION = YES;
				GCC_WARN_UNUSED_VARIABLE = YES;
				IPHONEOS_DEPLOYMENT_TARGET = 16.2;
				MTL_ENABLE_DEBUG_INFO = INCLUDE_SOURCE;
				MTL_FAST_MATH = YES;
				ONLY_ACTIVE_ARCH = YES;
				SDKROOT = iphoneos;
				SWIFT_ACTIVE_COMPILATION_CONDITIONS = DEBUG;
				SWIFT_OPTIMIZATION_LEVEL = "-Onone";
			};
			name = Debug;
		};
		726FB2692A0165600077B990 /* Release */ = {
			isa = XCBuildConfiguration;
			buildSettings = {
				ALWAYS_SEARCH_USER_PATHS = NO;
				CLANG_ANALYZER_NONNULL = YES;
				CLANG_ANALYZER_NUMBER_OBJECT_CONVERSION = YES_AGGRESSIVE;
				CLANG_CXX_LANGUAGE_STANDARD = "gnu++20";
				CLANG_ENABLE_MODULES = YES;
				CLANG_ENABLE_OBJC_ARC = YES;
				CLANG_ENABLE_OBJC_WEAK = YES;
				CLANG_WARN_BLOCK_CAPTURE_AUTORELEASING = YES;
				CLANG_WARN_BOOL_CONVERSION = YES;
				CLANG_WARN_COMMA = YES;
				CLANG_WARN_CONSTANT_CONVERSION = YES;
				CLANG_WARN_DEPRECATED_OBJC_IMPLEMENTATIONS = YES;
				CLANG_WARN_DIRECT_OBJC_ISA_USAGE = YES_ERROR;
				CLANG_WARN_DOCUMENTATION_COMMENTS = YES;
				CLANG_WARN_EMPTY_BODY = YES;
				CLANG_WARN_ENUM_CONVERSION = YES;
				CLANG_WARN_INFINITE_RECURSION = YES;
				CLANG_WARN_INT_CONVERSION = YES;
				CLANG_WARN_NON_LITERAL_NULL_CONVERSION = YES;
				CLANG_WARN_OBJC_IMPLICIT_RETAIN_SELF = YES;
				CLANG_WARN_OBJC_LITERAL_CONVERSION = YES;
				CLANG_WARN_OBJC_ROOT_CLASS = YES_ERROR;
				CLANG_WARN_QUOTED_INCLUDE_IN_FRAMEWORK_HEADER = YES;
				CLANG_WARN_RANGE_LOOP_ANALYSIS = YES;
				CLANG_WARN_STRICT_PROTOTYPES = YES;
				CLANG_WARN_SUSPICIOUS_MOVE = YES;
				CLANG_WARN_UNGUARDED_AVAILABILITY = YES_AGGRESSIVE;
				CLANG_WARN_UNREACHABLE_CODE = YES;
				CLANG_WARN__DUPLICATE_METHOD_MATCH = YES;
				COPY_PHASE_STRIP = NO;
				DEBUG_INFORMATION_FORMAT = "dwarf-with-dsym";
				ENABLE_NS_ASSERTIONS = NO;
				ENABLE_STRICT_OBJC_MSGSEND = YES;
				GCC_C_LANGUAGE_STANDARD = gnu11;
				GCC_NO_COMMON_BLOCKS = YES;
				GCC_WARN_64_TO_32_BIT_CONVERSION = YES;
				GCC_WARN_ABOUT_RETURN_TYPE = YES_ERROR;
				GCC_WARN_UNDECLARED_SELECTOR = YES;
				GCC_WARN_UNINITIALIZED_AUTOS = YES_AGGRESSIVE;
				GCC_WARN_UNUSED_FUNCTION = YES;
				GCC_WARN_UNUSED_VARIABLE = YES;
				IPHONEOS_DEPLOYMENT_TARGET = 16.2;
				MTL_ENABLE_DEBUG_INFO = NO;
				MTL_FAST_MATH = YES;
				SDKROOT = iphoneos;
				SWIFT_COMPILATION_MODE = wholemodule;
				SWIFT_OPTIMIZATION_LEVEL = "-O";
				VALIDATE_PRODUCT = YES;
			};
			name = Release;
		};
		726FB26B2A0165600077B990 /* Debug */ = {
			isa = XCBuildConfiguration;
			baseConfigurationReference = 362A91E15034892E84B8C3EB /* Pods-LifeTomorrow.debug.xcconfig */;
			buildSettings = {
				ASSETCATALOG_COMPILER_APPICON_NAME = AppIcon;
				ASSETCATALOG_COMPILER_GLOBAL_ACCENT_COLOR_NAME = AccentColor;
				CODE_SIGN_ENTITLEMENTS = LifeTomorrow/LifeTomorrow.entitlements;
				CODE_SIGN_STYLE = Automatic;
				CURRENT_PROJECT_VERSION = 1;
				DEVELOPMENT_TEAM = A35W4MM59Y;
				GENERATE_INFOPLIST_FILE = YES;
				INFOPLIST_FILE = LifeTomorrow/Info.plist;
				INFOPLIST_KEY_UIApplicationSupportsIndirectInputEvents = YES;
				INFOPLIST_KEY_UILaunchStoryboardName = LaunchScreen;
				INFOPLIST_KEY_UIMainStoryboardFile = "";
				INFOPLIST_KEY_UISupportedInterfaceOrientations = "UIInterfaceOrientationLandscapeLeft UIInterfaceOrientationLandscapeRight UIInterfaceOrientationPortrait";
				INFOPLIST_KEY_UISupportedInterfaceOrientations_iPad = "UIInterfaceOrientationLandscapeLeft UIInterfaceOrientationLandscapeRight";
				LD_RUNPATH_SEARCH_PATHS = (
					"$(inherited)",
					"@executable_path/Frameworks",
				);
				MARKETING_VERSION = 1.0;
				PRODUCT_BUNDLE_IDENTIFIER = edu.mit.LifeTomorrow;
				PRODUCT_NAME = "$(TARGET_NAME)";
				SUPPORTED_PLATFORMS = "iphoneos iphonesimulator";
				SUPPORTS_MACCATALYST = NO;
				SUPPORTS_MAC_DESIGNED_FOR_IPHONE_IPAD = NO;
				SWIFT_EMIT_LOC_STRINGS = YES;
				SWIFT_VERSION = 5.0;
				TARGETED_DEVICE_FAMILY = "1,2";
			};
			name = Debug;
		};
		726FB26C2A0165600077B990 /* Release */ = {
			isa = XCBuildConfiguration;
			baseConfigurationReference = FD7CF2C12119B738995BC659 /* Pods-LifeTomorrow.release.xcconfig */;
			buildSettings = {
				ASSETCATALOG_COMPILER_APPICON_NAME = AppIcon;
				ASSETCATALOG_COMPILER_GLOBAL_ACCENT_COLOR_NAME = AccentColor;
				CODE_SIGN_ENTITLEMENTS = LifeTomorrow/LifeTomorrow.entitlements;
				CODE_SIGN_STYLE = Automatic;
				CURRENT_PROJECT_VERSION = 1;
				DEVELOPMENT_TEAM = A35W4MM59Y;
				GENERATE_INFOPLIST_FILE = YES;
				INFOPLIST_FILE = LifeTomorrow/Info.plist;
				INFOPLIST_KEY_UIApplicationSupportsIndirectInputEvents = YES;
				INFOPLIST_KEY_UILaunchStoryboardName = LaunchScreen;
				INFOPLIST_KEY_UIMainStoryboardFile = "";
				INFOPLIST_KEY_UISupportedInterfaceOrientations = "UIInterfaceOrientationLandscapeLeft UIInterfaceOrientationLandscapeRight UIInterfaceOrientationPortrait";
				INFOPLIST_KEY_UISupportedInterfaceOrientations_iPad = "UIInterfaceOrientationLandscapeLeft UIInterfaceOrientationLandscapeRight";
				LD_RUNPATH_SEARCH_PATHS = (
					"$(inherited)",
					"@executable_path/Frameworks",
				);
				MARKETING_VERSION = 1.0;
				PRODUCT_BUNDLE_IDENTIFIER = edu.mit.LifeTomorrow;
				PRODUCT_NAME = "$(TARGET_NAME)";
				SUPPORTED_PLATFORMS = "iphoneos iphonesimulator";
				SUPPORTS_MACCATALYST = NO;
				SUPPORTS_MAC_DESIGNED_FOR_IPHONE_IPAD = NO;
				SWIFT_EMIT_LOC_STRINGS = YES;
				SWIFT_VERSION = 5.0;
				TARGETED_DEVICE_FAMILY = "1,2";
			};
			name = Release;
		};
		726FB2A12A0440470077B990 /* Debug */ = {
			isa = XCBuildConfiguration;
			baseConfigurationReference = 6424845DDD27369552410ECD /* Pods-LifeTomorrowWatch Watch App.debug.xcconfig */;
			buildSettings = {
				ASSETCATALOG_COMPILER_APPICON_NAME = AppIcon;
				ASSETCATALOG_COMPILER_GLOBAL_ACCENT_COLOR_NAME = AccentColor;
				CODE_SIGN_STYLE = Automatic;
				CURRENT_PROJECT_VERSION = 1;
				DEVELOPMENT_ASSET_PATHS = "\"LifeTomorrowWatch Watch App/Preview Content\"";
				DEVELOPMENT_TEAM = A35W4MM59Y;
				ENABLE_PREVIEWS = YES;
				GENERATE_INFOPLIST_FILE = YES;
				INFOPLIST_KEY_CFBundleDisplayName = LifeTomorrowWatch;
				INFOPLIST_KEY_UISupportedInterfaceOrientations = "UIInterfaceOrientationPortrait UIInterfaceOrientationPortraitUpsideDown";
				INFOPLIST_KEY_WKCompanionAppBundleIdentifier = "";
				LD_RUNPATH_SEARCH_PATHS = (
					"$(inherited)",
					"@executable_path/Frameworks",
				);
				MARKETING_VERSION = 1.0;
				PRODUCT_BUNDLE_IDENTIFIER = edu.mit.LifeTomorrowWatch;
				PRODUCT_NAME = "$(TARGET_NAME)";
				SDKROOT = watchos;
				SKIP_INSTALL = YES;
				SWIFT_EMIT_LOC_STRINGS = YES;
				SWIFT_VERSION = 5.0;
				TARGETED_DEVICE_FAMILY = 4;
				WATCHOS_DEPLOYMENT_TARGET = 9.1;
			};
			name = Debug;
		};
		726FB2A22A0440470077B990 /* Release */ = {
			isa = XCBuildConfiguration;
			baseConfigurationReference = F050BE96B19FB7DCBB9A1770 /* Pods-LifeTomorrowWatch Watch App.release.xcconfig */;
			buildSettings = {
				ASSETCATALOG_COMPILER_APPICON_NAME = AppIcon;
				ASSETCATALOG_COMPILER_GLOBAL_ACCENT_COLOR_NAME = AccentColor;
				CODE_SIGN_STYLE = Automatic;
				CURRENT_PROJECT_VERSION = 1;
				DEVELOPMENT_ASSET_PATHS = "\"LifeTomorrowWatch Watch App/Preview Content\"";
				DEVELOPMENT_TEAM = A35W4MM59Y;
				ENABLE_PREVIEWS = YES;
				GENERATE_INFOPLIST_FILE = YES;
				INFOPLIST_KEY_CFBundleDisplayName = LifeTomorrowWatch;
				INFOPLIST_KEY_UISupportedInterfaceOrientations = "UIInterfaceOrientationPortrait UIInterfaceOrientationPortraitUpsideDown";
				INFOPLIST_KEY_WKCompanionAppBundleIdentifier = "";
				LD_RUNPATH_SEARCH_PATHS = (
					"$(inherited)",
					"@executable_path/Frameworks",
				);
				MARKETING_VERSION = 1.0;
				PRODUCT_BUNDLE_IDENTIFIER = edu.mit.LifeTomorrowWatch;
				PRODUCT_NAME = "$(TARGET_NAME)";
				SDKROOT = watchos;
				SKIP_INSTALL = YES;
				SWIFT_EMIT_LOC_STRINGS = YES;
				SWIFT_VERSION = 5.0;
				TARGETED_DEVICE_FAMILY = 4;
				WATCHOS_DEPLOYMENT_TARGET = 9.1;
			};
			name = Release;
		};
/* End XCBuildConfiguration section */

/* Begin XCConfigurationList section */
		726FB24E2A01655E0077B990 /* Build configuration list for PBXProject "LifeTomorrow" */ = {
			isa = XCConfigurationList;
			buildConfigurations = (
				726FB2682A0165600077B990 /* Debug */,
				726FB2692A0165600077B990 /* Release */,
			);
			defaultConfigurationIsVisible = 0;
			defaultConfigurationName = Release;
		};
		726FB26A2A0165600077B990 /* Build configuration list for PBXNativeTarget "LifeTomorrow" */ = {
			isa = XCConfigurationList;
			buildConfigurations = (
				726FB26B2A0165600077B990 /* Debug */,
				726FB26C2A0165600077B990 /* Release */,
			);
			defaultConfigurationIsVisible = 0;
			defaultConfigurationName = Release;
		};
		726FB2A02A0440470077B990 /* Build configuration list for PBXNativeTarget "LifeTomorrowWatch Watch App" */ = {
			isa = XCConfigurationList;
			buildConfigurations = (
				726FB2A12A0440470077B990 /* Debug */,
				726FB2A22A0440470077B990 /* Release */,
			);
			defaultConfigurationIsVisible = 0;
			defaultConfigurationName = Release;
		};
/* End XCConfigurationList section */
	};
	rootObject = 726FB24B2A01655E0077B990 /* Project object */;
}
