// !$*UTF8*$!
{
	archiveVersion = 1;
	classes = {
	};
	objectVersion = 56;
	objects = {

/* Begin PBXBuildFile section */
		726FB2342A0164DD0077B990 /* AppDelegate.swift in Sources */ = {isa = PBXBuildFile; fileRef = 726FB2332A0164DD0077B990 /* AppDelegate.swift */; };
		726FB2362A0164DD0077B990 /* SceneDelegate.swift in Sources */ = {isa = PBXBuildFile; fileRef = 726FB2352A0164DD0077B990 /* SceneDelegate.swift */; };
		726FB2382A0164DD0077B990 /* ViewController.swift in Sources */ = {isa = PBXBuildFile; fileRef = 726FB2372A0164DD0077B990 /* ViewController.swift */; };
		726FB23B2A0164DD0077B990 /* Main.storyboard in Resources */ = {isa = PBXBuildFile; fileRef = 726FB2392A0164DD0077B990 /* Main.storyboard */; };
		726FB23E2A0164DD0077B990 /* LifeTomorrow_Caregiver.xcdatamodeld in Sources */ = {isa = PBXBuildFile; fileRef = 726FB23C2A0164DD0077B990 /* LifeTomorrow_Caregiver.xcdatamodeld */; };
		726FB2402A0164E00077B990 /* Assets.xcassets in Resources */ = {isa = PBXBuildFile; fileRef = 726FB23F2A0164E00077B990 /* Assets.xcassets */; };
		726FB2432A0164E00077B990 /* LaunchScreen.storyboard in Resources */ = {isa = PBXBuildFile; fileRef = 726FB2412A0164E00077B990 /* LaunchScreen.storyboard */; };
/* End PBXBuildFile section */

/* Begin PBXFileReference section */
		726FB2302A0164DD0077B990 /* LifeTomorrow Caregiver.app */ = {isa = PBXFileReference; explicitFileType = wrapper.application; includeInIndex = 0; path = "LifeTomorrow Caregiver.app"; sourceTree = BUILT_PRODUCTS_DIR; };
		726FB2332A0164DD0077B990 /* AppDelegate.swift */ = {isa = PBXFileReference; lastKnownFileType = sourcecode.swift; path = AppDelegate.swift; sourceTree = "<group>"; };
		726FB2352A0164DD0077B990 /* SceneDelegate.swift */ = {isa = PBXFileReference; lastKnownFileType = sourcecode.swift; path = SceneDelegate.swift; sourceTree = "<group>"; };
		726FB2372A0164DD0077B990 /* ViewController.swift */ = {isa = PBXFileReference; lastKnownFileType = sourcecode.swift; path = ViewController.swift; sourceTree = "<group>"; };
		726FB23A2A0164DD0077B990 /* Base */ = {isa = PBXFileReference; lastKnownFileType = file.storyboard; name = Base; path = Base.lproj/Main.storyboard; sourceTree = "<group>"; };
		726FB23D2A0164DD0077B990 /* LifeTomorrow_Caregiver.xcdatamodel */ = {isa = PBXFileReference; lastKnownFileType = wrapper.xcdatamodel; path = LifeTomorrow_Caregiver.xcdatamodel; sourceTree = "<group>"; };
		726FB23F2A0164E00077B990 /* Assets.xcassets */ = {isa = PBXFileReference; lastKnownFileType = folder.assetcatalog; path = Assets.xcassets; sourceTree = "<group>"; };
		726FB2422A0164E00077B990 /* Base */ = {isa = PBXFileReference; lastKnownFileType = file.storyboard; name = Base; path = Base.lproj/LaunchScreen.storyboard; sourceTree = "<group>"; };
		726FB2442A0164E00077B990 /* Info.plist */ = {isa = PBXFileReference; lastKnownFileType = text.plist.xml; path = Info.plist; sourceTree = "<group>"; };
/* End PBXFileReference section */

/* Begin PBXFrameworksBuildPhase section */
		726FB22D2A0164DD0077B990 /* Frameworks */ = {
			isa = PBXFrameworksBuildPhase;
			buildActionMask = 2147483647;
			files = (
			);
			runOnlyForDeploymentPostprocessing = 0;
		};
/* End PBXFrameworksBuildPhase section */

/* Begin PBXGroup section */
		726FB2272A0164DD0077B990 = {
			isa = PBXGroup;
			children = (
				726FB2322A0164DD0077B990 /* LifeTomorrow Caregiver */,
				726FB2312A0164DD0077B990 /* Products */,
			);
			sourceTree = "<group>";
		};
		726FB2312A0164DD0077B990 /* Products */ = {
			isa = PBXGroup;
			children = (
				726FB2302A0164DD0077B990 /* LifeTomorrow Caregiver.app */,
			);
			name = Products;
			sourceTree = "<group>";
		};
		726FB2322A0164DD0077B990 /* LifeTomorrow Caregiver */ = {
			isa = PBXGroup;
			children = (
				726FB2332A0164DD0077B990 /* AppDelegate.swift */,
				726FB2352A0164DD0077B990 /* SceneDelegate.swift */,
				726FB2372A0164DD0077B990 /* ViewController.swift */,
				726FB2392A0164DD0077B990 /* Main.storyboard */,
				726FB23F2A0164E00077B990 /* Assets.xcassets */,
				726FB2412A0164E00077B990 /* LaunchScreen.storyboard */,
				726FB2442A0164E00077B990 /* Info.plist */,
				726FB23C2A0164DD0077B990 /* LifeTomorrow_Caregiver.xcdatamodeld */,
			);
			path = "LifeTomorrow Caregiver";
			sourceTree = "<group>";
		};
/* End PBXGroup section */

/* Begin PBXNativeTarget section */
		726FB22F2A0164DD0077B990 /* LifeTomorrow Caregiver */ = {
			isa = PBXNativeTarget;
			buildConfigurationList = 726FB2472A0164E00077B990 /* Build configuration list for PBXNativeTarget "LifeTomorrow Caregiver" */;
			buildPhases = (
				726FB22C2A0164DD0077B990 /* Sources */,
				726FB22D2A0164DD0077B990 /* Frameworks */,
				726FB22E2A0164DD0077B990 /* Resources */,
			);
			buildRules = (
			);
			dependencies = (
			);
			name = "LifeTomorrow Caregiver";
			productName = "LifeTomorrow Caregiver";
			productReference = 726FB2302A0164DD0077B990 /* LifeTomorrow Caregiver.app */;
			productType = "com.apple.product-type.application";
		};
/* End PBXNativeTarget section */

/* Begin PBXProject section */
		726FB2282A0164DD0077B990 /* Project object */ = {
			isa = PBXProject;
			attributes = {
				BuildIndependentTargetsInParallel = 1;
				LastSwiftUpdateCheck = 1420;
				LastUpgradeCheck = 1420;
				TargetAttributes = {
					726FB22F2A0164DD0077B990 = {
						CreatedOnToolsVersion = 14.2;
					};
				};
			};
			buildConfigurationList = 726FB22B2A0164DD0077B990 /* Build configuration list for PBXProject "LifeTomorrow Caregiver" */;
			compatibilityVersion = "Xcode 14.0";
			developmentRegion = en;
			hasScannedForEncodings = 0;
			knownRegions = (
				en,
				Base,
			);
			mainGroup = 726FB2272A0164DD0077B990;
			productRefGroup = 726FB2312A0164DD0077B990 /* Products */;
			projectDirPath = "";
			projectRoot = "";
			targets = (
				726FB22F2A0164DD0077B990 /* LifeTomorrow Caregiver */,
			);
		};
/* End PBXProject section */

/* Begin PBXResourcesBuildPhase section */
		726FB22E2A0164DD0077B990 /* Resources */ = {
			isa = PBXResourcesBuildPhase;
			buildActionMask = 2147483647;
			files = (
				726FB2432A0164E00077B990 /* LaunchScreen.storyboard in Resources */,
				726FB2402A0164E00077B990 /* Assets.xcassets in Resources */,
				726FB23B2A0164DD0077B990 /* Main.storyboard in Resources */,
			);
			runOnlyForDeploymentPostprocessing = 0;
		};
/* End PBXResourcesBuildPhase section */

/* Begin PBXSourcesBuildPhase section */
		726FB22C2A0164DD0077B990 /* Sources */ = {
			isa = PBXSourcesBuildPhase;
			buildActionMask = 2147483647;
			files = (
				726FB2382A0164DD0077B990 /* ViewController.swift in Sources */,
				726FB2342A0164DD0077B990 /* AppDelegate.swift in Sources */,
				726FB2362A0164DD0077B990 /* SceneDelegate.swift in Sources */,
				726FB23E2A0164DD0077B990 /* LifeTomorrow_Caregiver.xcdatamodeld in Sources */,
			);
			runOnlyForDeploymentPostprocessing = 0;
		};
/* End PBXSourcesBuildPhase section */

/* Begin PBXVariantGroup section */
		726FB2392A0164DD0077B990 /* Main.storyboard */ = {
			isa = PBXVariantGroup;
			children = (
				726FB23A2A0164DD0077B990 /* Base */,
			);
			name = Main.storyboard;
			sourceTree = "<group>";
		};
		726FB2412A0164E00077B990 /* LaunchScreen.storyboard */ = {
			isa = PBXVariantGroup;
			children = (
				726FB2422A0164E00077B990 /* Base */,
			);
			name = LaunchScreen.storyboard;
			sourceTree = "<group>";
		};
/* End PBXVariantGroup section */

/* Begin XCBuildConfiguration section */
		726FB2452A0164E00077B990 /* Debug */ = {
			isa = XCBuildConfiguration;
			buildSettings = {
				ALWAYS_SEARCH_USER_PATHS = NO;
				CLANG_ANALYZER_NONNULL = YES;
				CLANG_ANALYZER_NUMBER_OBJECT_CONVERSION = YES_AGGRESSIVE;
				CLANG_CXX_LANGUAGE_STANDARD = "gnu++20";
				CLANG_ENABLE_MODULES = YES;
				CLANG_ENABLE_OBJC_ARC = YES;
				CLANG_ENABLE_OBJC_WEAK = YES;
				CLANG_WARN_BLOCK_CAPTURE_AUTORELEASING = YES;
				CLANG_WARN_BOOL_CONVERSION = YES;
				CLANG_WARN_COMMA = YES;
				CLANG_WARN_CONSTANT_CONVERSION = YES;
				CLANG_WARN_DEPRECATED_OBJC_IMPLEMENTATIONS = YES;
				CLANG_WARN_DIRECT_OBJC_ISA_USAGE = YES_ERROR;
				CLANG_WARN_DOCUMENTATION_COMMENTS = YES;
				CLANG_WARN_EMPTY_BODY = YES;
				CLANG_WARN_ENUM_CONVERSION = YES;
				CLANG_WARN_INFINITE_RECURSION = YES;
				CLANG_WARN_INT_CONVERSION = YES;
				CLANG_WARN_NON_LITERAL_NULL_CONVERSION = YES;
				CLANG_WARN_OBJC_IMPLICIT_RETAIN_SELF = YES;
				CLANG_WARN_OBJC_LITERAL_CONVERSION = YES;
				CLANG_WARN_OBJC_ROOT_CLASS = YES_ERROR;
				CLANG_WARN_QUOTED_INCLUDE_IN_FRAMEWORK_HEADER = YES;
				CLANG_WARN_RANGE_LOOP_ANALYSIS = YES;
				CLANG_WARN_STRICT_PROTOTYPES = YES;
				CLANG_WARN_SUSPICIOUS_MOVE = YES;
				CLANG_WARN_UNGUARDED_AVAILABILITY = YES_AGGRESSIVE;
				CLANG_WARN_UNREACHABLE_CODE = YES;
				CLANG_WARN__DUPLICATE_METHOD_MATCH = YES;
				COPY_PHASE_STRIP = NO;
				DEBUG_INFORMATION_FORMAT = dwarf;
				ENABLE_STRICT_OBJC_MSGSEND = YES;
				ENABLE_TESTABILITY = YES;
				GCC_C_LANGUAGE_STANDARD = gnu11;
				GCC_DYNAMIC_NO_PIC = NO;
				GCC_NO_COMMON_BLOCKS = YES;
				GCC_OPTIMIZATION_LEVEL = 0;
				GCC_PREPROCESSOR_DEFINITIONS = (
					"DEBUG=1",
					"$(inherited)",
				);
				GCC_WARN_64_TO_32_BIT_CONVERSION = YES;
				GCC_WARN_ABOUT_RETURN_TYPE = YES_ERROR;
				GCC_WARN_UNDECLARED_SELECTOR = YES;
				GCC_WARN_UNINITIALIZED_AUTOS = YES_AGGRESSIVE;
				GCC_WARN_UNUSED_FUNCTION = YES;
				GCC_WARN_UNUSED_VARIABLE = YES;
				IPHONEOS_DEPLOYMENT_TARGET = 16.2;
				MTL_ENABLE_DEBUG_INFO = INCLUDE_SOURCE;
				MTL_FAST_MATH = YES;
				ONLY_ACTIVE_ARCH = YES;
				SDKROOT = iphoneos;
				SWIFT_ACTIVE_COMPILATION_CONDITIONS = DEBUG;
				SWIFT_OPTIMIZATION_LEVEL = "-Onone";
			};
			name = Debug;
		};
		726FB2462A0164E00077B990 /* Release */ = {
			isa = XCBuildConfiguration;
			buildSettings = {
				ALWAYS_SEARCH_USER_PATHS = NO;
				CLANG_ANALYZER_NONNULL = YES;
				CLANG_ANALYZER_NUMBER_OBJECT_CONVERSION = YES_AGGRESSIVE;
				CLANG_CXX_LANGUAGE_STANDARD = "gnu++20";
				CLANG_ENABLE_MODULES = YES;
				CLANG_ENABLE_OBJC_ARC = YES;
				CLANG_ENABLE_OBJC_WEAK = YES;
				CLANG_WARN_BLOCK_CAPTURE_AUTORELEASING = YES;
				CLANG_WARN_BOOL_CONVERSION = YES;
				CLANG_WARN_COMMA = YES;
				CLANG_WARN_CONSTANT_CONVERSION = YES;
				CLANG_WARN_DEPRECATED_OBJC_IMPLEMENTATIONS = YES;
				CLANG_WARN_DIRECT_OBJC_ISA_USAGE = YES_ERROR;
				CLANG_WARN_DOCUMENTATION_COMMENTS = YES;
				CLANG_WARN_EMPTY_BODY = YES;
				CLANG_WARN_ENUM_CONVERSION = YES;
				CLANG_WARN_INFINITE_RECURSION = YES;
				CLANG_WARN_INT_CONVERSION = YES;
				CLANG_WARN_NON_LITERAL_NULL_CONVERSION = YES;
				CLANG_WARN_OBJC_IMPLICIT_RETAIN_SELF = YES;
				CLANG_WARN_OBJC_LITERAL_CONVERSION = YES;
				CLANG_WARN_OBJC_ROOT_CLASS = YES_ERROR;
				CLANG_WARN_QUOTED_INCLUDE_IN_FRAMEWORK_HEADER = YES;
				CLANG_WARN_RANGE_LOOP_ANALYSIS = YES;
				CLANG_WARN_STRICT_PROTOTYPES = YES;
				CLANG_WARN_SUSPICIOUS_MOVE = YES;
				CLANG_WARN_UNGUARDED_AVAILABILITY = YES_AGGRESSIVE;
				CLANG_WARN_UNREACHABLE_CODE = YES;
				CLANG_WARN__DUPLICATE_METHOD_MATCH = YES;
				COPY_PHASE_STRIP = NO;
				DEBUG_INFORMATION_FORMAT = "dwarf-with-dsym";
				ENABLE_NS_ASSERTIONS = NO;
				ENABLE_STRICT_OBJC_MSGSEND = YES;
				GCC_C_LANGUAGE_STANDARD = gnu11;
				GCC_NO_COMMON_BLOCKS = YES;
				GCC_WARN_64_TO_32_BIT_CONVERSION = YES;
				GCC_WARN_ABOUT_RETURN_TYPE = YES_ERROR;
				GCC_WARN_UNDECLARED_SELECTOR = YES;
				GCC_WARN_UNINITIALIZED_AUTOS = YES_AGGRESSIVE;
				GCC_WARN_UNUSED_FUNCTION = YES;
				GCC_WARN_UNUSED_VARIABLE = YES;
				IPHONEOS_DEPLOYMENT_TARGET = 16.2;
				MTL_ENABLE_DEBUG_INFO = NO;
				MTL_FAST_MATH = YES;
				SDKROOT = iphoneos;
				SWIFT_COMPILATION_MODE = wholemodule;
				SWIFT_OPTIMIZATION_LEVEL = "-O";
				VALIDATE_PRODUCT = YES;
			};
			name = Release;
		};
		726FB2482A0164E00077B990 /* Debug */ = {
			isa = XCBuildConfiguration;
			buildSettings = {
				ASSETCATALOG_COMPILER_APPICON_NAME = AppIcon;
				ASSETCATALOG_COMPILER_GLOBAL_ACCENT_COLOR_NAME = AccentColor;
				CODE_SIGN_STYLE = Automatic;
				CURRENT_PROJECT_VERSION = 1;
				DEVELOPMENT_TEAM = 527WDPJ695;
				GENERATE_INFOPLIST_FILE = YES;
				INFOPLIST_FILE = "LifeTomorrow Caregiver/Info.plist";
				INFOPLIST_KEY_UIApplicationSupportsIndirectInputEvents = YES;
				INFOPLIST_KEY_UILaunchStoryboardName = LaunchScreen;
				INFOPLIST_KEY_UIMainStoryboardFile = Main;
				INFOPLIST_KEY_UISupportedInterfaceOrientations_iPad = "UIInterfaceOrientationPortrait UIInterfaceOrientationPortraitUpsideDown UIInterfaceOrientationLandscapeLeft UIInterfaceOrientationLandscapeRight";
				INFOPLIST_KEY_UISupportedInterfaceOrientations_iPhone = "UIInterfaceOrientationPortrait UIInterfaceOrientationLandscapeLeft UIInterfaceOrientationLandscapeRight";
				LD_RUNPATH_SEARCH_PATHS = (
					"$(inherited)",
					"@executable_path/Frameworks",
				);
				MARKETING_VERSION = 1.0;
				PRODUCT_BUNDLE_IDENTIFIER = "MIT.AgeLab.LifeTomorrow-Caregiver";
				PRODUCT_NAME = "$(TARGET_NAME)";
				SUPPORTED_PLATFORMS = "iphoneos iphonesimulator";
				SUPPORTS_MACCATALYST = NO;
				SUPPORTS_MAC_DESIGNED_FOR_IPHONE_IPAD = NO;
				SWIFT_EMIT_LOC_STRINGS = YES;
				SWIFT_VERSION = 5.0;
				TARGETED_DEVICE_FAMILY = 1;
			};
			name = Debug;
		};
		726FB2492A0164E00077B990 /* Release */ = {
			isa = XCBuildConfiguration;
			buildSettings = {
				ASSETCATALOG_COMPILER_APPICON_NAME = AppIcon;
				ASSETCATALOG_COMPILER_GLOBAL_ACCENT_COLOR_NAME = AccentColor;
				CODE_SIGN_STYLE = Automatic;
				CURRENT_PROJECT_VERSION = 1;
				DEVELOPMENT_TEAM = 527WDPJ695;
				GENERATE_INFOPLIST_FILE = YES;
				INFOPLIST_FILE = "LifeTomorrow Caregiver/Info.plist";
				INFOPLIST_KEY_UIApplicationSupportsIndirectInputEvents = YES;
				INFOPLIST_KEY_UILaunchStoryboardName = LaunchScreen;
				INFOPLIST_KEY_UIMainStoryboardFile = Main;
				INFOPLIST_KEY_UISupportedInterfaceOrientations_iPad = "UIInterfaceOrientationPortrait UIInterfaceOrientationPortraitUpsideDown UIInterfaceOrientationLandscapeLeft UIInterfaceOrientationLandscapeRight";
				INFOPLIST_KEY_UISupportedInterfaceOrientations_iPhone = "UIInterfaceOrientationPortrait UIInterfaceOrientationLandscapeLeft UIInterfaceOrientationLandscapeRight";
				LD_RUNPATH_SEARCH_PATHS = (
					"$(inherited)",
					"@executable_path/Frameworks",
				);
				MARKETING_VERSION = 1.0;
				PRODUCT_BUNDLE_IDENTIFIER = "MIT.AgeLab.LifeTomorrow-Caregiver";
				PRODUCT_NAME = "$(TARGET_NAME)";
				SUPPORTED_PLATFORMS = "iphoneos iphonesimulator";
				SUPPORTS_MACCATALYST = NO;
				SUPPORTS_MAC_DESIGNED_FOR_IPHONE_IPAD = NO;
				SWIFT_EMIT_LOC_STRINGS = YES;
				SWIFT_VERSION = 5.0;
				TARGETED_DEVICE_FAMILY = 1;
			};
			name = Release;
		};
/* End XCBuildConfiguration section */

/* Begin XCConfigurationList section */
		726FB22B2A0164DD0077B990 /* Build configuration list for PBXProject "LifeTomorrow Caregiver" */ = {
			isa = XCConfigurationList;
			buildConfigurations = (
				726FB2452A0164E00077B990 /* Debug */,
				726FB2462A0164E00077B990 /* Release */,
			);
			defaultConfigurationIsVisible = 0;
			defaultConfigurationName = Release;
		};
		726FB2472A0164E00077B990 /* Build configuration list for PBXNativeTarget "LifeTomorrow Caregiver" */ = {
			isa = XCConfigurationList;
			buildConfigurations = (
				726FB2482A0164E00077B990 /* Debug */,
				726FB2492A0164E00077B990 /* Release */,
			);
			defaultConfigurationIsVisible = 0;
			defaultConfigurationName = Release;
		};
/* End XCConfigurationList section */

/* Begin XCVersionGroup section */
		726FB23C2A0164DD0077B990 /* LifeTomorrow_Caregiver.xcdatamodeld */ = {
			isa = XCVersionGroup;
			children = (
				726FB23D2A0164DD0077B990 /* LifeTomorrow_Caregiver.xcdatamodel */,
			);
			currentVersion = 726FB23D2A0164DD0077B990 /* LifeTomorrow_Caregiver.xcdatamodel */;
			path = LifeTomorrow_Caregiver.xcdatamodeld;
			sourceTree = "<group>";
			versionGroupType = wrapper.xcdatamodel;
		};
/* End XCVersionGroup section */
	};
	rootObject = 726FB2282A0164DD0077B990 /* Project object */;
}
