// !$*UTF8*$!
{
	archiveVersion = 1;
	classes = {
	};
	objectVersion = 56;
	objects = {

/* Begin PBXBuildFile section */
		72A0D28929F2F99D00C31894 /* LongLifeApp.swift in Sources */ = {isa = PBXBuildFile; fileRef = 72A0D28829F2F99D00C31894 /* LongLifeApp.swift */; };
		72A0D28B29F2F99D00C31894 /* ContentView.swift in Sources */ = {isa = PBXBuildFile; fileRef = 72A0D28A29F2F99D00C31894 /* ContentView.swift */; };
		72A0D28D29F2F99E00C31894 /* Assets.xcassets in Resources */ = {isa = PBXBuildFile; fileRef = 72A0D28C29F2F99E00C31894 /* Assets.xcassets */; };
		72A0D29029F2F99E00C31894 /* Preview Assets.xcassets in Resources */ = {isa = PBXBuildFile; fileRef = 72A0D28F29F2F99E00C31894 /* Preview Assets.xcassets */; };
		72A0D29629F2F99E00C31894 /* LongLife Watch App.app in Embed Watch Content */ = {isa = PBXBuildFile; fileRef = 72A0D29529F2F99E00C31894 /* LongLife Watch App.app */; settings = {ATTRIBUTES = (RemoveHeadersOnCopy, ); }; };
		72A0D29B29F2F99E00C31894 /* LongLifeApp.swift in Sources */ = {isa = PBXBuildFile; fileRef = 72A0D29A29F2F99E00C31894 /* LongLifeApp.swift */; };
		72A0D29D29F2F99E00C31894 /* ContentView.swift in Sources */ = {isa = PBXBuildFile; fileRef = 72A0D29C29F2F99E00C31894 /* ContentView.swift */; };
		72A0D29F29F2F9A000C31894 /* Assets.xcassets in Resources */ = {isa = PBXBuildFile; fileRef = 72A0D29E29F2F9A000C31894 /* Assets.xcassets */; };
		72A0D2A229F2F9A000C31894 /* Preview Assets.xcassets in Resources */ = {isa = PBXBuildFile; fileRef = 72A0D2A129F2F9A000C31894 /* Preview Assets.xcassets */; };
/* End PBXBuildFile section */

/* Begin PBXContainerItemProxy section */
		72A0D29729F2F99E00C31894 /* PBXContainerItemProxy */ = {
			isa = PBXContainerItemProxy;
			containerPortal = 72A0D27D29F2F99C00C31894 /* Project object */;
			proxyType = 1;
			remoteGlobalIDString = 72A0D29429F2F99E00C31894;
			remoteInfo = "LongLife Watch App";
		};
/* End PBXContainerItemProxy section */

/* Begin PBXCopyFilesBuildPhase section */
		72A0D2A829F2F9A000C31894 /* Embed Watch Content */ = {
			isa = PBXCopyFilesBuildPhase;
			buildActionMask = 2147483647;
			dstPath = "$(CONTENTS_FOLDER_PATH)/Watch";
			dstSubfolderSpec = 16;
			files = (
				72A0D29629F2F99E00C31894 /* LongLife Watch App.app in Embed Watch Content */,
			);
			name = "Embed Watch Content";
			runOnlyForDeploymentPostprocessing = 0;
		};
/* End PBXCopyFilesBuildPhase section */

/* Begin PBXFileReference section */
		72A0D28529F2F99D00C31894 /* LongLife.app */ = {isa = PBXFileReference; explicitFileType = wrapper.application; includeInIndex = 0; path = LongLife.app; sourceTree = BUILT_PRODUCTS_DIR; };
		72A0D28829F2F99D00C31894 /* LongLifeApp.swift */ = {isa = PBXFileReference; lastKnownFileType = sourcecode.swift; path = LongLifeApp.swift; sourceTree = "<group>"; };
		72A0D28A29F2F99D00C31894 /* ContentView.swift */ = {isa = PBXFileReference; lastKnownFileType = sourcecode.swift; path = ContentView.swift; sourceTree = "<group>"; };
		72A0D28C29F2F99E00C31894 /* Assets.xcassets */ = {isa = PBXFileReference; lastKnownFileType = folder.assetcatalog; path = Assets.xcassets; sourceTree = "<group>"; };
		72A0D28F29F2F99E00C31894 /* Preview Assets.xcassets */ = {isa = PBXFileReference; lastKnownFileType = folder.assetcatalog; path = "Preview Assets.xcassets"; sourceTree = "<group>"; };
		72A0D29529F2F99E00C31894 /* LongLife Watch App.app */ = {isa = PBXFileReference; explicitFileType = wrapper.application; includeInIndex = 0; path = "LongLife Watch App.app"; sourceTree = BUILT_PRODUCTS_DIR; };
		72A0D29A29F2F99E00C31894 /* LongLifeApp.swift */ = {isa = PBXFileReference; lastKnownFileType = sourcecode.swift; path = LongLifeApp.swift; sourceTree = "<group>"; };
		72A0D29C29F2F99E00C31894 /* ContentView.swift */ = {isa = PBXFileReference; lastKnownFileType = sourcecode.swift; path = ContentView.swift; sourceTree = "<group>"; };
		72A0D29E29F2F9A000C31894 /* Assets.xcassets */ = {isa = PBXFileReference; lastKnownFileType = folder.assetcatalog; path = Assets.xcassets; sourceTree = "<group>"; };
		72A0D2A129F2F9A000C31894 /* Preview Assets.xcassets */ = {isa = PBXFileReference; lastKnownFileType = folder.assetcatalog; path = "Preview Assets.xcassets"; sourceTree = "<group>"; };
/* End PBXFileReference section */

/* Begin PBXFrameworksBuildPhase section */
		72A0D28229F2F99D00C31894 /* Frameworks */ = {
			isa = PBXFrameworksBuildPhase;
			buildActionMask = 2147483647;
			files = (
			);
			runOnlyForDeploymentPostprocessing = 0;
		};
		72A0D29229F2F99E00C31894 /* Frameworks */ = {
			isa = PBXFrameworksBuildPhase;
			buildActionMask = 2147483647;
			files = (
			);
			runOnlyForDeploymentPostprocessing = 0;
		};
/* End PBXFrameworksBuildPhase section */

/* Begin PBXGroup section */
		72A0D27C29F2F99C00C31894 = {
			isa = PBXGroup;
			children = (
				72A0D28729F2F99D00C31894 /* LongLife */,
				72A0D29929F2F99E00C31894 /* LongLife Watch App */,
				72A0D28629F2F99D00C31894 /* Products */,
			);
			sourceTree = "<group>";
		};
		72A0D28629F2F99D00C31894 /* Products */ = {
			isa = PBXGroup;
			children = (
				72A0D28529F2F99D00C31894 /* LongLife.app */,
				72A0D29529F2F99E00C31894 /* LongLife Watch App.app */,
			);
			name = Products;
			sourceTree = "<group>";
		};
		72A0D28729F2F99D00C31894 /* LongLife */ = {
			isa = PBXGroup;
			children = (
				72A0D28829F2F99D00C31894 /* LongLifeApp.swift */,
				72A0D28A29F2F99D00C31894 /* ContentView.swift */,
				72A0D28C29F2F99E00C31894 /* Assets.xcassets */,
				72A0D28E29F2F99E00C31894 /* Preview Content */,
			);
			path = LongLife;
			sourceTree = "<group>";
		};
		72A0D28E29F2F99E00C31894 /* Preview Content */ = {
			isa = PBXGroup;
			children = (
				72A0D28F29F2F99E00C31894 /* Preview Assets.xcassets */,
			);
			path = "Preview Content";
			sourceTree = "<group>";
		};
		72A0D29929F2F99E00C31894 /* LongLife Watch App */ = {
			isa = PBXGroup;
			children = (
				72A0D29A29F2F99E00C31894 /* LongLifeApp.swift */,
				72A0D29C29F2F99E00C31894 /* ContentView.swift */,
				72A0D29E29F2F9A000C31894 /* Assets.xcassets */,
				72A0D2A029F2F9A000C31894 /* Preview Content */,
			);
			path = "LongLife Watch App";
			sourceTree = "<group>";
		};
		72A0D2A029F2F9A000C31894 /* Preview Content */ = {
			isa = PBXGroup;
			children = (
				72A0D2A129F2F9A000C31894 /* Preview Assets.xcassets */,
			);
			path = "Preview Content";
			sourceTree = "<group>";
		};
/* End PBXGroup section */

/* Begin PBXNativeTarget section */
		72A0D28429F2F99D00C31894 /* LongLife */ = {
			isa = PBXNativeTarget;
			buildConfigurationList = 72A0D2A929F2F9A000C31894 /* Build configuration list for PBXNativeTarget "LongLife" */;
			buildPhases = (
				72A0D28129F2F99D00C31894 /* Sources */,
				72A0D28229F2F99D00C31894 /* Frameworks */,
				72A0D28329F2F99D00C31894 /* Resources */,
				72A0D2A829F2F9A000C31894 /* Embed Watch Content */,
			);
			buildRules = (
			);
			dependencies = (
				72A0D29829F2F99E00C31894 /* PBXTargetDependency */,
			);
			name = LongLife;
			productName = LongLife;
			productReference = 72A0D28529F2F99D00C31894 /* LongLife.app */;
			productType = "com.apple.product-type.application";
		};
		72A0D29429F2F99E00C31894 /* LongLife Watch App */ = {
			isa = PBXNativeTarget;
			buildConfigurationList = 72A0D2A529F2F9A000C31894 /* Build configuration list for PBXNativeTarget "LongLife Watch App" */;
			buildPhases = (
				72A0D29129F2F99E00C31894 /* Sources */,
				72A0D29229F2F99E00C31894 /* Frameworks */,
				72A0D29329F2F99E00C31894 /* Resources */,
			);
			buildRules = (
			);
			dependencies = (
			);
			name = "LongLife Watch App";
			productName = "LongLife Watch App";
			productReference = 72A0D29529F2F99E00C31894 /* LongLife Watch App.app */;
			productType = "com.apple.product-type.application";
		};
/* End PBXNativeTarget section */

/* Begin PBXProject section */
		72A0D27D29F2F99C00C31894 /* Project object */ = {
			isa = PBXProject;
			attributes = {
				BuildIndependentTargetsInParallel = 1;
				LastSwiftUpdateCheck = 1420;
				LastUpgradeCheck = 1420;
				TargetAttributes = {
					72A0D28429F2F99D00C31894 = {
						CreatedOnToolsVersion = 14.2;
					};
					72A0D29429F2F99E00C31894 = {
						CreatedOnToolsVersion = 14.2;
					};
				};
			};
			buildConfigurationList = 72A0D28029F2F99C00C31894 /* Build configuration list for PBXProject "LongLife" */;
			compatibilityVersion = "Xcode 14.0";
			developmentRegion = en;
			hasScannedForEncodings = 0;
			knownRegions = (
				en,
				Base,
			);
			mainGroup = 72A0D27C29F2F99C00C31894;
			productRefGroup = 72A0D28629F2F99D00C31894 /* Products */;
			projectDirPath = "";
			projectRoot = "";
			targets = (
				72A0D28429F2F99D00C31894 /* LongLife */,
				72A0D29429F2F99E00C31894 /* LongLife Watch App */,
			);
		};
/* End PBXProject section */

/* Begin PBXResourcesBuildPhase section */
		72A0D28329F2F99D00C31894 /* Resources */ = {
			isa = PBXResourcesBuildPhase;
			buildActionMask = 2147483647;
			files = (
				72A0D29029F2F99E00C31894 /* Preview Assets.xcassets in Resources */,
				72A0D28D29F2F99E00C31894 /* Assets.xcassets in Resources */,
			);
			runOnlyForDeploymentPostprocessing = 0;
		};
		72A0D29329F2F99E00C31894 /* Resources */ = {
			isa = PBXResourcesBuildPhase;
			buildActionMask = 2147483647;
			files = (
				72A0D2A229F2F9A000C31894 /* Preview Assets.xcassets in Resources */,
				72A0D29F29F2F9A000C31894 /* Assets.xcassets in Resources */,
			);
			runOnlyForDeploymentPostprocessing = 0;
		};
/* End PBXResourcesBuildPhase section */

/* Begin PBXSourcesBuildPhase section */
		72A0D28129F2F99D00C31894 /* Sources */ = {
			isa = PBXSourcesBuildPhase;
			buildActionMask = 2147483647;
			files = (
				72A0D28B29F2F99D00C31894 /* ContentView.swift in Sources */,
				72A0D28929F2F99D00C31894 /* LongLifeApp.swift in Sources */,
			);
			runOnlyForDeploymentPostprocessing = 0;
		};
		72A0D29129F2F99E00C31894 /* Sources */ = {
			isa = PBXSourcesBuildPhase;
			buildActionMask = 2147483647;
			files = (
				72A0D29D29F2F99E00C31894 /* ContentView.swift in Sources */,
				72A0D29B29F2F99E00C31894 /* LongLifeApp.swift in Sources */,
			);
			runOnlyForDeploymentPostprocessing = 0;
		};
/* End PBXSourcesBuildPhase section */

/* Begin PBXTargetDependency section */
		72A0D29829F2F99E00C31894 /* PBXTargetDependency */ = {
			isa = PBXTargetDependency;
			target = 72A0D29429F2F99E00C31894 /* LongLife Watch App */;
			targetProxy = 72A0D29729F2F99E00C31894 /* PBXContainerItemProxy */;
		};
/* End PBXTargetDependency section */

/* Begin XCBuildConfiguration section */
		72A0D2A329F2F9A000C31894 /* Debug */ = {
			isa = XCBuildConfiguration;
			buildSettings = {
				ALWAYS_SEARCH_USER_PATHS = NO;
				CLANG_ANALYZER_NONNULL = YES;
				CLANG_ANALYZER_NUMBER_OBJECT_CONVERSION = YES_AGGRESSIVE;
				CLANG_CXX_LANGUAGE_STANDARD = "gnu++20";
				CLANG_ENABLE_MODULES = YES;
				CLANG_ENABLE_OBJC_ARC = YES;
				CLANG_ENABLE_OBJC_WEAK = YES;
				CLANG_WARN_BLOCK_CAPTURE_AUTORELEASING = YES;
				CLANG_WARN_BOOL_CONVERSION = YES;
				CLANG_WARN_COMMA = YES;
				CLANG_WARN_CONSTANT_CONVERSION = YES;
				CLANG_WARN_DEPRECATED_OBJC_IMPLEMENTATIONS = YES;
				CLANG_WARN_DIRECT_OBJC_ISA_USAGE = YES_ERROR;
				CLANG_WARN_DOCUMENTATION_COMMENTS = YES;
				CLANG_WARN_EMPTY_BODY = YES;
				CLANG_WARN_ENUM_CONVERSION = YES;
				CLANG_WARN_INFINITE_RECURSION = YES;
				CLANG_WARN_INT_CONVERSION = YES;
				CLANG_WARN_NON_LITERAL_NULL_CONVERSION = YES;
				CLANG_WARN_OBJC_IMPLICIT_RETAIN_SELF = YES;
				CLANG_WARN_OBJC_LITERAL_CONVERSION = YES;
				CLANG_WARN_OBJC_ROOT_CLASS = YES_ERROR;
				CLANG_WARN_QUOTED_INCLUDE_IN_FRAMEWORK_HEADER = YES;
				CLANG_WARN_RANGE_LOOP_ANALYSIS = YES;
				CLANG_WARN_STRICT_PROTOTYPES = YES;
				CLANG_WARN_SUSPICIOUS_MOVE = YES;
				CLANG_WARN_UNGUARDED_AVAILABILITY = YES_AGGRESSIVE;
				CLANG_WARN_UNREACHABLE_CODE = YES;
				CLANG_WARN__DUPLICATE_METHOD_MATCH = YES;
				COPY_PHASE_STRIP = NO;
				DEBUG_INFORMATION_FORMAT = dwarf;
				ENABLE_STRICT_OBJC_MSGSEND = YES;
				ENABLE_TESTABILITY = YES;
				GCC_C_LANGUAGE_STANDARD = gnu11;
				GCC_DYNAMIC_NO_PIC = NO;
				GCC_NO_COMMON_BLOCKS = YES;
				GCC_OPTIMIZATION_LEVEL = 0;
				GCC_PREPROCESSOR_DEFINITIONS = (
					"DEBUG=1",
					"$(inherited)",
				);
				GCC_WARN_64_TO_32_BIT_CONVERSION = YES;
				GCC_WARN_ABOUT_RETURN_TYPE = YES_ERROR;
				GCC_WARN_UNDECLARED_SELECTOR = YES;
				GCC_WARN_UNINITIALIZED_AUTOS = YES_AGGRESSIVE;
				GCC_WARN_UNUSED_FUNCTION = YES;
				GCC_WARN_UNUSED_VARIABLE = YES;
				MTL_ENABLE_DEBUG_INFO = INCLUDE_SOURCE;
				MTL_FAST_MATH = YES;
				ONLY_ACTIVE_ARCH = YES;
				SWIFT_ACTIVE_COMPILATION_CONDITIONS = DEBUG;
				SWIFT_OPTIMIZATION_LEVEL = "-Onone";
			};
			name = Debug;
		};
		72A0D2A429F2F9A000C31894 /* Release */ = {
			isa = XCBuildConfiguration;
			buildSettings = {
				ALWAYS_SEARCH_USER_PATHS = NO;
				CLANG_ANALYZER_NONNULL = YES;
				CLANG_ANALYZER_NUMBER_OBJECT_CONVERSION = YES_AGGRESSIVE;
				CLANG_CXX_LANGUAGE_STANDARD = "gnu++20";
				CLANG_ENABLE_MODULES = YES;
				CLANG_ENABLE_OBJC_ARC = YES;
				CLANG_ENABLE_OBJC_WEAK = YES;
				CLANG_WARN_BLOCK_CAPTURE_AUTORELEASING = YES;
				CLANG_WARN_BOOL_CONVERSION = YES;
				CLANG_WARN_COMMA = YES;
				CLANG_WARN_CONSTANT_CONVERSION = YES;
				CLANG_WARN_DEPRECATED_OBJC_IMPLEMENTATIONS = YES;
				CLANG_WARN_DIRECT_OBJC_ISA_USAGE = YES_ERROR;
				CLANG_WARN_DOCUMENTATION_COMMENTS = YES;
				CLANG_WARN_EMPTY_BODY = YES;
				CLANG_WARN_ENUM_CONVERSION = YES;
				CLANG_WARN_INFINITE_RECURSION = YES;
				CLANG_WARN_INT_CONVERSION = YES;
				CLANG_WARN_NON_LITERAL_NULL_CONVERSION = YES;
				CLANG_WARN_OBJC_IMPLICIT_RETAIN_SELF = YES;
				CLANG_WARN_OBJC_LITERAL_CONVERSION = YES;
				CLANG_WARN_OBJC_ROOT_CLASS = YES_ERROR;
				CLANG_WARN_QUOTED_INCLUDE_IN_FRAMEWORK_HEADER = YES;
				CLANG_WARN_RANGE_LOOP_ANALYSIS = YES;
				CLANG_WARN_STRICT_PROTOTYPES = YES;
				CLANG_WARN_SUSPICIOUS_MOVE = YES;
				CLANG_WARN_UNGUARDED_AVAILABILITY = YES_AGGRESSIVE;
				CLANG_WARN_UNREACHABLE_CODE = YES;
				CLANG_WARN__DUPLICATE_METHOD_MATCH = YES;
				COPY_PHASE_STRIP = NO;
				DEBUG_INFORMATION_FORMAT = "dwarf-with-dsym";
				ENABLE_NS_ASSERTIONS = NO;
				ENABLE_STRICT_OBJC_MSGSEND = YES;
				GCC_C_LANGUAGE_STANDARD = gnu11;
				GCC_NO_COMMON_BLOCKS = YES;
				GCC_WARN_64_TO_32_BIT_CONVERSION = YES;
				GCC_WARN_ABOUT_RETURN_TYPE = YES_ERROR;
				GCC_WARN_UNDECLARED_SELECTOR = YES;
				GCC_WARN_UNINITIALIZED_AUTOS = YES_AGGRESSIVE;
				GCC_WARN_UNUSED_FUNCTION = YES;
				GCC_WARN_UNUSED_VARIABLE = YES;
				MTL_ENABLE_DEBUG_INFO = NO;
				MTL_FAST_MATH = YES;
				SWIFT_COMPILATION_MODE = wholemodule;
				SWIFT_OPTIMIZATION_LEVEL = "-O";
			};
			name = Release;
		};
		72A0D2A629F2F9A000C31894 /* Debug */ = {
			isa = XCBuildConfiguration;
			buildSettings = {
				ASSETCATALOG_COMPILER_APPICON_NAME = AppIcon;
				ASSETCATALOG_COMPILER_GLOBAL_ACCENT_COLOR_NAME = AccentColor;
				CODE_SIGN_STYLE = Automatic;
				CURRENT_PROJECT_VERSION = 1;
				DEVELOPMENT_ASSET_PATHS = "\"LongLife Watch App/Preview Content\"";
				DEVELOPMENT_TEAM = 527WDPJ695;
				ENABLE_PREVIEWS = YES;
				GENERATE_INFOPLIST_FILE = YES;
				INFOPLIST_KEY_CFBundleDisplayName = LongLife;
				INFOPLIST_KEY_UISupportedInterfaceOrientations = "UIInterfaceOrientationPortrait UIInterfaceOrientationPortraitUpsideDown";
				INFOPLIST_KEY_WKCompanionAppBundleIdentifier = MIT.AgeLab.LongLife;
				LD_RUNPATH_SEARCH_PATHS = (
					"$(inherited)",
					"@executable_path/Frameworks",
				);
				MARKETING_VERSION = 1.0;
				PRODUCT_BUNDLE_IDENTIFIER = MIT.AgeLab.LongLife.watchkitapp;
				PRODUCT_NAME = "$(TARGET_NAME)";
				SDKROOT = watchos;
				SKIP_INSTALL = YES;
				SWIFT_EMIT_LOC_STRINGS = YES;
				SWIFT_VERSION = 5.0;
				TARGETED_DEVICE_FAMILY = 4;
				WATCHOS_DEPLOYMENT_TARGET = 9.1;
			};
			name = Debug;
		};
		72A0D2A729F2F9A000C31894 /* Release */ = {
			isa = XCBuildConfiguration;
			buildSettings = {
				ASSETCATALOG_COMPILER_APPICON_NAME = AppIcon;
				ASSETCATALOG_COMPILER_GLOBAL_ACCENT_COLOR_NAME = AccentColor;
				CODE_SIGN_STYLE = Automatic;
				CURRENT_PROJECT_VERSION = 1;
				DEVELOPMENT_ASSET_PATHS = "\"LongLife Watch App/Preview Content\"";
				DEVELOPMENT_TEAM = 527WDPJ695;
				ENABLE_PREVIEWS = YES;
				GENERATE_INFOPLIST_FILE = YES;
				INFOPLIST_KEY_CFBundleDisplayName = LongLife;
				INFOPLIST_KEY_UISupportedInterfaceOrientations = "UIInterfaceOrientationPortrait UIInterfaceOrientationPortraitUpsideDown";
				INFOPLIST_KEY_WKCompanionAppBundleIdentifier = MIT.AgeLab.LongLife;
				LD_RUNPATH_SEARCH_PATHS = (
					"$(inherited)",
					"@executable_path/Frameworks",
				);
				MARKETING_VERSION = 1.0;
				PRODUCT_BUNDLE_IDENTIFIER = MIT.AgeLab.LongLife.watchkitapp;
				PRODUCT_NAME = "$(TARGET_NAME)";
				SDKROOT = watchos;
				SKIP_INSTALL = YES;
				SWIFT_EMIT_LOC_STRINGS = YES;
				SWIFT_VERSION = 5.0;
				TARGETED_DEVICE_FAMILY = 4;
				VALIDATE_PRODUCT = YES;
				WATCHOS_DEPLOYMENT_TARGET = 9.1;
			};
			name = Release;
		};
		72A0D2AA29F2F9A000C31894 /* Debug */ = {
			isa = XCBuildConfiguration;
			buildSettings = {
				ALWAYS_EMBED_SWIFT_STANDARD_LIBRARIES = YES;
				ASSETCATALOG_COMPILER_APPICON_NAME = AppIcon;
				ASSETCATALOG_COMPILER_GLOBAL_ACCENT_COLOR_NAME = AccentColor;
				CODE_SIGN_STYLE = Automatic;
				CURRENT_PROJECT_VERSION = 1;
				DEVELOPMENT_ASSET_PATHS = "\"LongLife/Preview Content\"";
				DEVELOPMENT_TEAM = 527WDPJ695;
				ENABLE_PREVIEWS = YES;
				GENERATE_INFOPLIST_FILE = YES;
				INFOPLIST_KEY_CFBundleDisplayName = LongLife;
				INFOPLIST_KEY_UIApplicationSceneManifest_Generation = YES;
				INFOPLIST_KEY_UIApplicationSupportsIndirectInputEvents = YES;
				INFOPLIST_KEY_UILaunchScreen_Generation = YES;
				INFOPLIST_KEY_UISupportedInterfaceOrientations_iPad = "UIInterfaceOrientationPortrait UIInterfaceOrientationPortraitUpsideDown UIInterfaceOrientationLandscapeLeft UIInterfaceOrientationLandscapeRight";
				INFOPLIST_KEY_UISupportedInterfaceOrientations_iPhone = "UIInterfaceOrientationPortrait UIInterfaceOrientationLandscapeLeft UIInterfaceOrientationLandscapeRight";
				IPHONEOS_DEPLOYMENT_TARGET = 16.2;
				LD_RUNPATH_SEARCH_PATHS = (
					"$(inherited)",
					"@executable_path/Frameworks",
				);
				MARKETING_VERSION = 1.0;
				PRODUCT_BUNDLE_IDENTIFIER = MIT.AgeLab.LongLife;
				PRODUCT_NAME = "$(TARGET_NAME)";
				SDKROOT = iphoneos;
				SWIFT_EMIT_LOC_STRINGS = YES;
				SWIFT_VERSION = 5.0;
				TARGETED_DEVICE_FAMILY = "1,2";
			};
			name = Debug;
		};
		72A0D2AB29F2F9A000C31894 /* Release */ = {
			isa = XCBuildConfiguration;
			buildSettings = {
				ALWAYS_EMBED_SWIFT_STANDARD_LIBRARIES = YES;
				ASSETCATALOG_COMPILER_APPICON_NAME = AppIcon;
				ASSETCATALOG_COMPILER_GLOBAL_ACCENT_COLOR_NAME = AccentColor;
				CODE_SIGN_STYLE = Automatic;
				CURRENT_PROJECT_VERSION = 1;
				DEVELOPMENT_ASSET_PATHS = "\"LongLife/Preview Content\"";
				DEVELOPMENT_TEAM = 527WDPJ695;
				ENABLE_PREVIEWS = YES;
				GENERATE_INFOPLIST_FILE = YES;
				INFOPLIST_KEY_CFBundleDisplayName = LongLife;
				INFOPLIST_KEY_UIApplicationSceneManifest_Generation = YES;
				INFOPLIST_KEY_UIApplicationSupportsIndirectInputEvents = YES;
				INFOPLIST_KEY_UILaunchScreen_Generation = YES;
				INFOPLIST_KEY_UISupportedInterfaceOrientations_iPad = "UIInterfaceOrientationPortrait UIInterfaceOrientationPortraitUpsideDown UIInterfaceOrientationLandscapeLeft UIInterfaceOrientationLandscapeRight";
				INFOPLIST_KEY_UISupportedInterfaceOrientations_iPhone = "UIInterfaceOrientationPortrait UIInterfaceOrientationLandscapeLeft UIInterfaceOrientationLandscapeRight";
				IPHONEOS_DEPLOYMENT_TARGET = 16.2;
				LD_RUNPATH_SEARCH_PATHS = (
					"$(inherited)",
					"@executable_path/Frameworks",
				);
				MARKETING_VERSION = 1.0;
				PRODUCT_BUNDLE_IDENTIFIER = MIT.AgeLab.LongLife;
				PRODUCT_NAME = "$(TARGET_NAME)";
				SDKROOT = iphoneos;
				SWIFT_EMIT_LOC_STRINGS = YES;
				SWIFT_VERSION = 5.0;
				TARGETED_DEVICE_FAMILY = "1,2";
				VALIDATE_PRODUCT = YES;
			};
			name = Release;
		};
/* End XCBuildConfiguration section */

/* Begin XCConfigurationList section */
		72A0D28029F2F99C00C31894 /* Build configuration list for PBXProject "LongLife" */ = {
			isa = XCConfigurationList;
			buildConfigurations = (
				72A0D2A329F2F9A000C31894 /* Debug */,
				72A0D2A429F2F9A000C31894 /* Release */,
			);
			defaultConfigurationIsVisible = 0;
			defaultConfigurationName = Release;
		};
		72A0D2A529F2F9A000C31894 /* Build configuration list for PBXNativeTarget "LongLife Watch App" */ = {
			isa = XCConfigurationList;
			buildConfigurations = (
				72A0D2A629F2F9A000C31894 /* Debug */,
				72A0D2A729F2F9A000C31894 /* Release */,
			);
			defaultConfigurationIsVisible = 0;
			defaultConfigurationName = Release;
		};
		72A0D2A929F2F9A000C31894 /* Build configuration list for PBXNativeTarget "LongLife" */ = {
			isa = XCConfigurationList;
			buildConfigurations = (
				72A0D2AA29F2F9A000C31894 /* Debug */,
				72A0D2AB29F2F9A000C31894 /* Release */,
			);
			defaultConfigurationIsVisible = 0;
			defaultConfigurationName = Release;
		};
/* End XCConfigurationList section */
	};
	rootObject = 72A0D27D29F2F99C00C31894 /* Project object */;
}
